
Microsoft Visual Studio Solution File, Format Version 12.00
# Visual Studio Version 17
VisualStudioVersion = 17.1.32328.378
MinimumVisualStudioVersion = 10.0.40219.1
Project("{FAE04EC0-301F-11D3-BF4B-00C04F79EFBC}") = "Cronômetro", "Cronômetro\Cronômetro.csproj", "{32B8D448-6F11-465C-ACDF-F3042AECDBC6}"
EndProject
Global
	GlobalSection(SolutionConfigurationPlatforms) = preSolution
		Debug|Any CPU = Debug|Any CPU
		Release|Any CPU = Release|Any CPU
	EndGlobalSection
	GlobalSection(ProjectConfigurationPlatforms) = postSolution
		{32B8D448-6F11-465C-ACDF-F3042AECDBC6}.Debug|Any CPU.ActiveCfg = Debug|Any CPU
		{32B8D448-6F11-465C-ACDF-F3042AECDBC6}.Debug|Any CPU.Build.0 = Debug|Any CPU
		{32B8D448-6F11-465C-ACDF-F3042AECDBC6}.Release|Any CPU.ActiveCfg = Release|Any CPU
		{32B8D448-6F11-465C-ACDF-F3042AECDBC6}.Release|Any CPU.Build.0 = Release|Any CPU
	EndGlobalSection
	GlobalSection(SolutionProperties) = preSolution
		HideSolutionNode = FALSE
	EndGlobalSection
	GlobalSection(ExtensibilityGlobals) = postSolution
		SolutionGuid = {4ED12F36-AD42-48DA-8F70-76C096B87FDA}
	EndGlobalSection
EndGlobal
